Microsoft Visual Studio Solution File, Format Version 12.00
# Visual Studio Version 17
VisualStudioVersion = 17.5.2.0
MinimumVisualStudioVersion = 10.0.40219.1
Project("{FAE04EC0-301F-11D3-BF4B-00C04F79EFBC}") = "sel_pr1", "sel_pr1\sel_pr1.csproj", "{5728D4D8-DD98-ABAA-7142-47DFEE06BA02}"
EndProject
Global
	GlobalSection(SolutionConfigurationPlatforms) = preSolution
		Debug|Any CPU = Debug|Any CPU
		Release|Any CPU = Release|Any CPU
	EndGlobalSection
	GlobalSection(ProjectConfigurationPlatforms) = postSolution
		{5728D4D8-DD98-ABAA-7142-47DFEE06BA02}.Debug|Any CPU.ActiveCfg = Debug|Any CPU
		{5728D4D8-DD98-ABAA-7142-47DFEE06BA02}.Debug|Any CPU.Build.0 = Debug|Any CPU
		{5728D4D8-DD98-ABAA-7142-47DFEE06BA02}.Release|Any CPU.ActiveCfg = Release|Any CPU
		{5728D4D8-DD98-ABAA-7142-47DFEE06BA02}.Release|Any CPU.Build.0 = Release|Any CPU
	EndGlobalSection
	GlobalSection(SolutionProperties) = preSolution
		HideSolutionNode = FALSE
	EndGlobalSection
	GlobalSection(ExtensibilityGlobals) = postSolution
		SolutionGuid = {CC7977C7-05A4-4C68-8C94-5D7B3A45C502}
	EndGlobalSection
EndGlobal
